
Microsoft Visual Studio Solution File, Format Version 12.00
# Visual Studio 14
VisualStudioVersion = 14.0.25420.1
MinimumVisualStudioVersion = 10.0.40219.1
Project("{FAE04EC0-301F-11D3-BF4B-00C04F79EFBC}") = "XamarinCourse.FileSystemAccess", "XamarinCourse.FileSystemAccess\XamarinCourse.FileSystemAccess\XamarinCourse.FileSystemAccess.csproj", "{17CAF94A-00B0-409B-982A-205C476AD74C}"
EndProject
Project("{FAE04EC0-301F-11D3-BF4B-00C04F79EFBC}") = "XamarinCourse.FileSystemAccess.Droid", "XamarinCourse.FileSystemAccess\XamarinCourse.FileSystemAccess.Droid\XamarinCourse.FileSystemAccess.Droid.csproj", "{48F3AA7C-7ADA-46F8-8ACB-76F69EF83ECD}"
EndProject
Project("{FAE04EC0-301F-11D3-BF4B-00C04F79EFBC}") = "XamarinCourse.FileSystemAccess.iOS", "XamarinCourse.FileSystemAccess\XamarinCourse.FileSystemAccess.iOS\XamarinCourse.FileSystemAccess.iOS.csproj", "{F03A3F0E-9CDD-4AC1-84C3-D81A65E48AB0}"
EndProject
Project("{FAE04EC0-301F-11D3-BF4B-00C04F79EFBC}") = "XamarinCourse.FileSystemAccess.WinPhone", "XamarinCourse.FileSystemAccess\XamarinCourse.FileSystemAccess.WinPhone\XamarinCourse.FileSystemAccess.WinPhone.csproj", "{31963E6D-EA79-4877-9D2D-8D469E8FEBD3}"
EndProject
Project("{FAE04EC0-301F-11D3-BF4B-00C04F79EFBC}") = "XamarinCourse.FileSystemAccess.UWP", "XamarinCourse.FileSystemAccess\XamarinCourse.FileSystemAccess.UWP\XamarinCourse.FileSystemAccess.UWP.csproj", "{BE3B6763-D4AE-401E-A545-9F1CB1CDD846}"
EndProject
Project("{FAE04EC0-301F-11D3-BF4B-00C04F79EFBC}") = "XamarinCourse.FileSystemAccess.Windows", "XamarinCourse.FileSystemAccess\XamarinCourse.FileSystemAccess.Windows\XamarinCourse.FileSystemAccess.Windows.csproj", "{7DAEB896-8D5E-44AF-B834-EFA24EB98E01}"
EndProject
Global
	GlobalSection(SolutionConfigurationPlatforms) = preSolution
		Ad-Hoc|Any CPU = Ad-Hoc|Any CPU
		Ad-Hoc|ARM = Ad-Hoc|ARM
		Ad-Hoc|iPhone = Ad-Hoc|iPhone
		Ad-Hoc|iPhoneSimulator = Ad-Hoc|iPhoneSimulator
		Ad-Hoc|x64 = Ad-Hoc|x64
		Ad-Hoc|x86 = Ad-Hoc|x86
		AppStore|Any CPU = AppStore|Any CPU
		AppStore|ARM = AppStore|ARM
		AppStore|iPhone = AppStore|iPhone
		AppStore|iPhoneSimulator = AppStore|iPhoneSimulator
		AppStore|x64 = AppStore|x64
		AppStore|x86 = AppStore|x86
		Debug|Any CPU = Debug|Any CPU
		Debug|ARM = Debug|ARM
		Debug|iPhone = Debug|iPhone
		Debug|iPhoneSimulator = Debug|iPhoneSimulator
		Debug|x64 = Debug|x64
		Debug|x86 = Debug|x86
		Release|Any CPU = Release|Any CPU
		Release|ARM = Release|ARM
		Release|iPhone = Release|iPhone
		Release|iPhoneSimulator = Release|iPhoneSimulator
		Release|x64 = Release|x64
		Release|x86 = Release|x86
	EndGlobalSection
	GlobalSection(ProjectConfigurationPlatforms) = postSolution
		{17CAF94A-00B0-409B-982A-205C476AD74C}.Ad-Hoc|Any CPU.ActiveCfg = Release|Any CPU
		{17CAF94A-00B0-409B-982A-205C476AD74C}.Ad-Hoc|Any CPU.Build.0 = Release|Any CPU
		{17CAF94A-00B0-409B-982A-205C476AD74C}.Ad-Hoc|ARM.ActiveCfg = Release|Any CPU
		{17CAF94A-00B0-409B-982A-205C476AD74C}.Ad-Hoc|ARM.Build.0 = Release|Any CPU
		{17CAF94A-00B0-409B-982A-205C476AD74C}.Ad-Hoc|iPhone.ActiveCfg = Release|Any CPU
		{17CAF94A-00B0-409B-982A-205C476AD74C}.Ad-Hoc|iPhone.Build.0 = Release|Any CPU
		{17CAF94A-00B0-409B-982A-205C476AD74C}.Ad-Hoc|iPhoneSimulator.ActiveCfg = Release|Any CPU
		{17CAF94A-00B0-409B-982A-205C476AD74C}.Ad-Hoc|iPhoneSimulator.Build.0 = Release|Any CPU
		{17CAF94A-00B0-409B-982A-205C476AD74C}.Ad-Hoc|x64.ActiveCfg = Release|Any CPU
		{17CAF94A-00B0-409B-982A-205C476AD74C}.Ad-Hoc|x64.Build.0 = Release|Any CPU
		{17CAF94A-00B0-409B-982A-205C476AD74C}.Ad-Hoc|x86.ActiveCfg = Release|Any CPU
		{17CAF94A-00B0-409B-982A-205C476AD74C}.Ad-Hoc|x86.Build.0 = Release|Any CPU
		{17CAF94A-00B0-409B-982A-205C476AD74C}.AppStore|Any CPU.ActiveCfg = Release|Any CPU
		{17CAF94A-00B0-409B-982A-205C476AD74C}.AppStore|Any CPU.Build.0 = Release|Any CPU
		{17CAF94A-00B0-409B-982A-205C476AD74C}.AppStore|ARM.ActiveCfg = Release|Any CPU
		{17CAF94A-00B0-409B-982A-205C476AD74C}.AppStore|ARM.Build.0 = Release|Any CPU
		{17CAF94A-00B0-409B-982A-205C476AD74C}.AppStore|iPhone.ActiveCfg = Release|Any CPU
		{17CAF94A-00B0-409B-982A-205C476AD74C}.AppStore|iPhone.Build.0 = Release|Any CPU
		{17CAF94A-00B0-409B-982A-205C476AD74C}.AppStore|iPhoneSimulator.ActiveCfg = Release|Any CPU
		{17CAF94A-00B0-409B-982A-205C476AD74C}.AppStore|iPhoneSimulator.Build.0 = Release|Any CPU
		{17CAF94A-00B0-409B-982A-205C476AD74C}.AppStore|x64.ActiveCfg = Release|Any CPU
		{17CAF94A-00B0-409B-982A-205C476AD74C}.AppStore|x64.Build.0 = Release|Any CPU
		{17CAF94A-00B0-409B-982A-205C476AD74C}.AppStore|x86.ActiveCfg = Release|Any CPU
		{17CAF94A-00B0-409B-982A-205C476AD74C}.AppStore|x86.Build.0 = Release|Any CPU
		{17CAF94A-00B0-409B-982A-205C476AD74C}.Debug|Any CPU.ActiveCfg = Debug|Any CPU
		{17CAF94A-00B0-409B-982A-205C476AD74C}.Debug|Any CPU.Build.0 = Debug|Any CPU
		{17CAF94A-00B0-409B-982A-205C476AD74C}.Debug|ARM.ActiveCfg = Debug|Any CPU
		{17CAF94A-00B0-409B-982A-205C476AD74C}.Debug|ARM.Build.0 = Debug|Any CPU
		{17CAF94A-00B0-409B-982A-205C476AD74C}.Debug|iPhone.ActiveCfg = Debug|Any CPU
		{17CAF94A-00B0-409B-982A-205C476AD74C}.Debug|iPhone.Build.0 = Debug|Any CPU
		{17CAF94A-00B0-409B-982A-205C476AD74C}.Debug|iPhoneSimulator.ActiveCfg = Debug|Any CPU
		{17CAF94A-00B0-409B-982A-205C476AD74C}.Debug|iPhoneSimulator.Build.0 = Debug|Any CPU
		{17CAF94A-00B0-409B-982A-205C476AD74C}.Debug|x64.ActiveCfg = Debug|Any CPU
		{17CAF94A-00B0-409B-982A-205C476AD74C}.Debug|x64.Build.0 = Debug|Any CPU
		{17CAF94A-00B0-409B-982A-205C476AD74C}.Debug|x86.ActiveCfg = Debug|Any CPU
		{17CAF94A-00B0-409B-982A-205C476AD74C}.Debug|x86.Build.0 = Debug|Any CPU
		{17CAF94A-00B0-409B-982A-205C476AD74C}.Release|Any CPU.ActiveCfg = Release|Any CPU
		{17CAF94A-00B0-409B-982A-205C476AD74C}.Release|Any CPU.Build.0 = Release|Any CPU
		{17CAF94A-00B0-409B-982A-205C476AD74C}.Release|ARM.ActiveCfg = Release|Any CPU
		{17CAF94A-00B0-409B-982A-205C476AD74C}.Release|ARM.Build.0 = Release|Any CPU
		{17CAF94A-00B0-409B-982A-205C476AD74C}.Release|iPhone.ActiveCfg = Release|Any CPU
		{17CAF94A-00B0-409B-982A-205C476AD74C}.Release|iPhone.Build.0 = Release|Any CPU
		{17CAF94A-00B0-409B-982A-205C476AD74C}.Release|iPhoneSimulator.ActiveCfg = Release|Any CPU
		{17CAF94A-00B0-409B-982A-205C476AD74C}.Release|iPhoneSimulator.Build.0 = Release|Any CPU
		{17CAF94A-00B0-409B-982A-205C476AD74C}.Release|x64.ActiveCfg = Release|Any CPU
		{17CAF94A-00B0-409B-982A-205C476AD74C}.Release|x64.Build.0 = Release|Any CPU
		{17CAF94A-00B0-409B-982A-205C476AD74C}.Release|x86.ActiveCfg = Release|Any CPU
		{17CAF94A-00B0-409B-982A-205C476AD74C}.Release|x86.Build.0 = Release|Any CPU
		{48F3AA7C-7ADA-46F8-8ACB-76F69EF83ECD}.Ad-Hoc|Any CPU.ActiveCfg = Release|Any CPU
		{48F3AA7C-7ADA-46F8-8ACB-76F69EF83ECD}.Ad-Hoc|Any CPU.Build.0 = Release|Any CPU
		{48F3AA7C-7ADA-46F8-8ACB-76F69EF83ECD}.Ad-Hoc|Any CPU.Deploy.0 = Release|Any CPU
		{48F3AA7C-7ADA-46F8-8ACB-76F69EF83ECD}.Ad-Hoc|ARM.ActiveCfg = Release|Any CPU
		{48F3AA7C-7ADA-46F8-8ACB-76F69EF83ECD}.Ad-Hoc|ARM.Build.0 = Release|Any CPU
		{48F3AA7C-7ADA-46F8-8ACB-76F69EF83ECD}.Ad-Hoc|ARM.Deploy.0 = Release|Any CPU
		{48F3AA7C-7ADA-46F8-8ACB-76F69EF83ECD}.Ad-Hoc|iPhone.ActiveCfg = Release|Any CPU
		{48F3AA7C-7ADA-46F8-8ACB-76F69EF83ECD}.Ad-Hoc|iPhone.Build.0 = Release|Any CPU
		{48F3AA7C-7ADA-46F8-8ACB-76F69EF83ECD}.Ad-Hoc|iPhone.Deploy.0 = Release|Any CPU
		{48F3AA7C-7ADA-46F8-8ACB-76F69EF83ECD}.Ad-Hoc|iPhoneSimulator.ActiveCfg = Release|Any CPU
		{48F3AA7C-7ADA-46F8-8ACB-76F69EF83ECD}.Ad-Hoc|iPhoneSimulator.Build.0 = Release|Any CPU
		{48F3AA7C-7ADA-46F8-8ACB-76F69EF83ECD}.Ad-Hoc|iPhoneSimulator.Deploy.0 = Release|Any CPU
		{48F3AA7C-7ADA-46F8-8ACB-76F69EF83ECD}.Ad-Hoc|x64.ActiveCfg = Release|Any CPU
		{48F3AA7C-7ADA-46F8-8ACB-76F69EF83ECD}.Ad-Hoc|x64.Build.0 = Release|Any CPU
		{48F3AA7C-7ADA-46F8-8ACB-76F69EF83ECD}.Ad-Hoc|x64.Deploy.0 = Release|Any CPU
		{48F3AA7C-7ADA-46F8-8ACB-76F69EF83ECD}.Ad-Hoc|x86.ActiveCfg = Release|Any CPU
		{48F3AA7C-7ADA-46F8-8ACB-76F69EF83ECD}.Ad-Hoc|x86.Build.0 = Release|Any CPU
		{48F3AA7C-7ADA-46F8-8ACB-76F69EF83ECD}.Ad-Hoc|x86.Deploy.0 = Release|Any CPU
		{48F3AA7C-7ADA-46F8-8ACB-76F69EF83ECD}.AppStore|Any CPU.ActiveCfg = Release|Any CPU
		{48F3AA7C-7ADA-46F8-8ACB-76F69EF83ECD}.AppStore|Any CPU.Build.0 = Release|Any CPU
		{48F3AA7C-7ADA-46F8-8ACB-76F69EF83ECD}.AppStore|Any CPU.Deploy.0 = Release|Any CPU
		{48F3AA7C-7ADA-46F8-8ACB-76F69EF83ECD}.AppStore|ARM.ActiveCfg = Release|Any CPU
		{48F3AA7C-7ADA-46F8-8ACB-76F69EF83ECD}.AppStore|ARM.Build.0 = Release|Any CPU
		{48F3AA7C-7ADA-46F8-8ACB-76F69EF83ECD}.AppStore|ARM.Deploy.0 = Release|Any CPU
		{48F3AA7C-7ADA-46F8-8ACB-76F69EF83ECD}.AppStore|iPhone.ActiveCfg = Release|Any CPU
		{48F3AA7C-7ADA-46F8-8ACB-76F69EF83ECD}.AppStore|iPhone.Build.0 = Release|Any CPU
		{48F3AA7C-7ADA-46F8-8ACB-76F69EF83ECD}.AppStore|iPhone.Deploy.0 = Release|Any CPU
		{48F3AA7C-7ADA-46F8-8ACB-76F69EF83ECD}.AppStore|iPhoneSimulator.ActiveCfg = Release|Any CPU
		{48F3AA7C-7ADA-46F8-8ACB-76F69EF83ECD}.AppStore|iPhoneSimulator.Build.0 = Release|Any CPU
		{48F3AA7C-7ADA-46F8-8ACB-76F69EF83ECD}.AppStore|iPhoneSimulator.Deploy.0 = Release|Any CPU
		{48F3AA7C-7ADA-46F8-8ACB-76F69EF83ECD}.AppStore|x64.ActiveCfg = Release|Any CPU
		{48F3AA7C-7ADA-46F8-8ACB-76F69EF83ECD}.AppStore|x64.Build.0 = Release|Any CPU
		{48F3AA7C-7ADA-46F8-8ACB-76F69EF83ECD}.AppStore|x64.Deploy.0 = Release|Any CPU
		{48F3AA7C-7ADA-46F8-8ACB-76F69EF83ECD}.AppStore|x86.ActiveCfg = Release|Any CPU
		{48F3AA7C-7ADA-46F8-8ACB-76F69EF83ECD}.AppStore|x86.Build.0 = Release|Any CPU
		{48F3AA7C-7ADA-46F8-8ACB-76F69EF83ECD}.AppStore|x86.Deploy.0 = Release|Any CPU
		{48F3AA7C-7ADA-46F8-8ACB-76F69EF83ECD}.Debug|Any CPU.ActiveCfg = Debug|Any CPU
		{48F3AA7C-7ADA-46F8-8ACB-76F69EF83ECD}.Debug|Any CPU.Build.0 = Debug|Any CPU
		{48F3AA7C-7ADA-46F8-8ACB-76F69EF83ECD}.Debug|Any CPU.Deploy.0 = Debug|Any CPU
		{48F3AA7C-7ADA-46F8-8ACB-76F69EF83ECD}.Debug|ARM.ActiveCfg = Debug|Any CPU
		{48F3AA7C-7ADA-46F8-8ACB-76F69EF83ECD}.Debug|ARM.Build.0 = Debug|Any CPU
		{48F3AA7C-7ADA-46F8-8ACB-76F69EF83ECD}.Debug|ARM.Deploy.0 = Debug|Any CPU
		{48F3AA7C-7ADA-46F8-8ACB-76F69EF83ECD}.Debug|iPhone.ActiveCfg = Debug|Any CPU
		{48F3AA7C-7ADA-46F8-8ACB-76F69EF83ECD}.Debug|iPhone.Build.0 = Debug|Any CPU
		{48F3AA7C-7ADA-46F8-8ACB-76F69EF83ECD}.Debug|iPhone.Deploy.0 = Debug|Any CPU
		{48F3AA7C-7ADA-46F8-8ACB-76F69EF83ECD}.Debug|iPhoneSimulator.ActiveCfg = Debug|Any CPU
		{48F3AA7C-7ADA-46F8-8ACB-76F69EF83ECD}.Debug|iPhoneSimulator.Build.0 = Debug|Any CPU
		{48F3AA7C-7ADA-46F8-8ACB-76F69EF83ECD}.Debug|iPhoneSimulator.Deploy.0 = Debug|Any CPU
		{48F3AA7C-7ADA-46F8-8ACB-76F69EF83ECD}.Debug|x64.ActiveCfg = Debug|Any CPU
		{48F3AA7C-7ADA-46F8-8ACB-76F69EF83ECD}.Debug|x64.Build.0 = Debug|Any CPU
		{48F3AA7C-7ADA-46F8-8ACB-76F69EF83ECD}.Debug|x64.Deploy.0 = Debug|Any CPU
		{48F3AA7C-7ADA-46F8-8ACB-76F69EF83ECD}.Debug|x86.ActiveCfg = Debug|Any CPU
		{48F3AA7C-7ADA-46F8-8ACB-76F69EF83ECD}.Debug|x86.Build.0 = Debug|Any CPU
		{48F3AA7C-7ADA-46F8-8ACB-76F69EF83ECD}.Debug|x86.Deploy.0 = Debug|Any CPU
		{48F3AA7C-7ADA-46F8-8ACB-76F69EF83ECD}.Release|Any CPU.ActiveCfg = Release|Any CPU
		{48F3AA7C-7ADA-46F8-8ACB-76F69EF83ECD}.Release|Any CPU.Build.0 = Release|Any CPU
		{48F3AA7C-7ADA-46F8-8ACB-76F69EF83ECD}.Release|Any CPU.Deploy.0 = Release|Any CPU
		{48F3AA7C-7ADA-46F8-8ACB-76F69EF83ECD}.Release|ARM.ActiveCfg = Release|Any CPU
		{48F3AA7C-7ADA-46F8-8ACB-76F69EF83ECD}.Release|ARM.Build.0 = Release|Any CPU
		{48F3AA7C-7ADA-46F8-8ACB-76F69EF83ECD}.Release|ARM.Deploy.0 = Release|Any CPU
		{48F3AA7C-7ADA-46F8-8ACB-76F69EF83ECD}.Release|iPhone.ActiveCfg = Release|Any CPU
		{48F3AA7C-7ADA-46F8-8ACB-76F69EF83ECD}.Release|iPhone.Build.0 = Release|Any CPU
		{48F3AA7C-7ADA-46F8-8ACB-76F69EF83ECD}.Release|iPhone.Deploy.0 = Release|Any CPU
		{48F3AA7C-7ADA-46F8-8ACB-76F69EF83ECD}.Release|iPhoneSimulator.ActiveCfg = Release|Any CPU
		{48F3AA7C-7ADA-46F8-8ACB-76F69EF83ECD}.Release|iPhoneSimulator.Build.0 = Release|Any CPU
		{48F3AA7C-7ADA-46F8-8ACB-76F69EF83ECD}.Release|iPhoneSimulator.Deploy.0 = Release|Any CPU
		{48F3AA7C-7ADA-46F8-8ACB-76F69EF83ECD}.Release|x64.ActiveCfg = Release|Any CPU
		{48F3AA7C-7ADA-46F8-8ACB-76F69EF83ECD}.Release|x64.Build.0 = Release|Any CPU
		{48F3AA7C-7ADA-46F8-8ACB-76F69EF83ECD}.Release|x64.Deploy.0 = Release|Any CPU
		{48F3AA7C-7ADA-46F8-8ACB-76F69EF83ECD}.Release|x86.ActiveCfg = Release|Any CPU
		{48F3AA7C-7ADA-46F8-8ACB-76F69EF83ECD}.Release|x86.Build.0 = Release|Any CPU
		{48F3AA7C-7ADA-46F8-8ACB-76F69EF83ECD}.Release|x86.Deploy.0 = Release|Any CPU
		{F03A3F0E-9CDD-4AC1-84C3-D81A65E48AB0}.Ad-Hoc|Any CPU.ActiveCfg = Ad-Hoc|iPhone
		{F03A3F0E-9CDD-4AC1-84C3-D81A65E48AB0}.Ad-Hoc|ARM.ActiveCfg = Ad-Hoc|iPhone
		{F03A3F0E-9CDD-4AC1-84C3-D81A65E48AB0}.Ad-Hoc|iPhone.ActiveCfg = Ad-Hoc|iPhone
		{F03A3F0E-9CDD-4AC1-84C3-D81A65E48AB0}.Ad-Hoc|iPhone.Build.0 = Ad-Hoc|iPhone
		{F03A3F0E-9CDD-4AC1-84C3-D81A65E48AB0}.Ad-Hoc|iPhoneSimulator.ActiveCfg = Ad-Hoc|iPhoneSimulator
		{F03A3F0E-9CDD-4AC1-84C3-D81A65E48AB0}.Ad-Hoc|iPhoneSimulator.Build.0 = Ad-Hoc|iPhoneSimulator
		{F03A3F0E-9CDD-4AC1-84C3-D81A65E48AB0}.Ad-Hoc|x64.ActiveCfg = Ad-Hoc|iPhone
		{F03A3F0E-9CDD-4AC1-84C3-D81A65E48AB0}.Ad-Hoc|x86.ActiveCfg = Ad-Hoc|iPhone
		{F03A3F0E-9CDD-4AC1-84C3-D81A65E48AB0}.AppStore|Any CPU.ActiveCfg = AppStore|iPhone
		{F03A3F0E-9CDD-4AC1-84C3-D81A65E48AB0}.AppStore|ARM.ActiveCfg = AppStore|iPhone
		{F03A3F0E-9CDD-4AC1-84C3-D81A65E48AB0}.AppStore|iPhone.ActiveCfg = AppStore|iPhone
		{F03A3F0E-9CDD-4AC1-84C3-D81A65E48AB0}.AppStore|iPhone.Build.0 = AppStore|iPhone
		{F03A3F0E-9CDD-4AC1-84C3-D81A65E48AB0}.AppStore|iPhoneSimulator.ActiveCfg = AppStore|iPhoneSimulator
		{F03A3F0E-9CDD-4AC1-84C3-D81A65E48AB0}.AppStore|iPhoneSimulator.Build.0 = AppStore|iPhoneSimulator
		{F03A3F0E-9CDD-4AC1-84C3-D81A65E48AB0}.AppStore|x64.ActiveCfg = AppStore|iPhone
		{F03A3F0E-9CDD-4AC1-84C3-D81A65E48AB0}.AppStore|x86.ActiveCfg = AppStore|iPhone
		{F03A3F0E-9CDD-4AC1-84C3-D81A65E48AB0}.Debug|Any CPU.ActiveCfg = Debug|iPhoneSimulator
		{F03A3F0E-9CDD-4AC1-84C3-D81A65E48AB0}.Debug|Any CPU.Build.0 = Debug|iPhoneSimulator
		{F03A3F0E-9CDD-4AC1-84C3-D81A65E48AB0}.Debug|ARM.ActiveCfg = Debug|iPhone
		{F03A3F0E-9CDD-4AC1-84C3-D81A65E48AB0}.Debug|iPhone.ActiveCfg = Debug|iPhone
		{F03A3F0E-9CDD-4AC1-84C3-D81A65E48AB0}.Debug|iPhone.Build.0 = Debug|iPhone
		{F03A3F0E-9CDD-4AC1-84C3-D81A65E48AB0}.Debug|iPhoneSimulator.ActiveCfg = Debug|iPhoneSimulator
		{F03A3F0E-9CDD-4AC1-84C3-D81A65E48AB0}.Debug|iPhoneSimulator.Build.0 = Debug|iPhoneSimulator
		{F03A3F0E-9CDD-4AC1-84C3-D81A65E48AB0}.Debug|x64.ActiveCfg = Debug|iPhone
		{F03A3F0E-9CDD-4AC1-84C3-D81A65E48AB0}.Debug|x86.ActiveCfg = Debug|iPhone
		{F03A3F0E-9CDD-4AC1-84C3-D81A65E48AB0}.Release|Any CPU.ActiveCfg = Release|iPhone
		{F03A3F0E-9CDD-4AC1-84C3-D81A65E48AB0}.Release|ARM.ActiveCfg = Release|iPhone
		{F03A3F0E-9CDD-4AC1-84C3-D81A65E48AB0}.Release|iPhone.ActiveCfg = Release|iPhone
		{F03A3F0E-9CDD-4AC1-84C3-D81A65E48AB0}.Release|iPhone.Build.0 = Release|iPhone
		{F03A3F0E-9CDD-4AC1-84C3-D81A65E48AB0}.Release|iPhoneSimulator.ActiveCfg = Release|iPhoneSimulator
		{F03A3F0E-9CDD-4AC1-84C3-D81A65E48AB0}.Release|iPhoneSimulator.Build.0 = Release|iPhoneSimulator
		{F03A3F0E-9CDD-4AC1-84C3-D81A65E48AB0}.Release|x64.ActiveCfg = Release|iPhone
		{F03A3F0E-9CDD-4AC1-84C3-D81A65E48AB0}.Release|x86.ActiveCfg = Release|iPhone
		{31963E6D-EA79-4877-9D2D-8D469E8FEBD3}.Ad-Hoc|Any CPU.ActiveCfg = Release|Any CPU
		{31963E6D-EA79-4877-9D2D-8D469E8FEBD3}.Ad-Hoc|Any CPU.Build.0 = Release|Any CPU
		{31963E6D-EA79-4877-9D2D-8D469E8FEBD3}.Ad-Hoc|Any CPU.Deploy.0 = Release|Any CPU
		{31963E6D-EA79-4877-9D2D-8D469E8FEBD3}.Ad-Hoc|ARM.ActiveCfg = Release|ARM
		{31963E6D-EA79-4877-9D2D-8D469E8FEBD3}.Ad-Hoc|ARM.Build.0 = Release|ARM
		{31963E6D-EA79-4877-9D2D-8D469E8FEBD3}.Ad-Hoc|ARM.Deploy.0 = Release|ARM
		{31963E6D-EA79-4877-9D2D-8D469E8FEBD3}.Ad-Hoc|iPhone.ActiveCfg = Release|Any CPU
		{31963E6D-EA79-4877-9D2D-8D469E8FEBD3}.Ad-Hoc|iPhone.Build.0 = Release|Any CPU
		{31963E6D-EA79-4877-9D2D-8D469E8FEBD3}.Ad-Hoc|iPhone.Deploy.0 = Release|Any CPU
		{31963E6D-EA79-4877-9D2D-8D469E8FEBD3}.Ad-Hoc|iPhoneSimulator.ActiveCfg = Release|Any CPU
		{31963E6D-EA79-4877-9D2D-8D469E8FEBD3}.Ad-Hoc|iPhoneSimulator.Build.0 = Release|Any CPU
		{31963E6D-EA79-4877-9D2D-8D469E8FEBD3}.Ad-Hoc|iPhoneSimulator.Deploy.0 = Release|Any CPU
		{31963E6D-EA79-4877-9D2D-8D469E8FEBD3}.Ad-Hoc|x64.ActiveCfg = Release|Any CPU
		{31963E6D-EA79-4877-9D2D-8D469E8FEBD3}.Ad-Hoc|x64.Build.0 = Release|Any CPU
		{31963E6D-EA79-4877-9D2D-8D469E8FEBD3}.Ad-Hoc|x64.Deploy.0 = Release|Any CPU
		{31963E6D-EA79-4877-9D2D-8D469E8FEBD3}.Ad-Hoc|x86.ActiveCfg = Release|x86
		{31963E6D-EA79-4877-9D2D-8D469E8FEBD3}.Ad-Hoc|x86.Build.0 = Release|x86
		{31963E6D-EA79-4877-9D2D-8D469E8FEBD3}.Ad-Hoc|x86.Deploy.0 = Release|x86
		{31963E6D-EA79-4877-9D2D-8D469E8FEBD3}.AppStore|Any CPU.ActiveCfg = Release|Any CPU
		{31963E6D-EA79-4877-9D2D-8D469E8FEBD3}.AppStore|Any CPU.Build.0 = Release|Any CPU
		{31963E6D-EA79-4877-9D2D-8D469E8FEBD3}.AppStore|Any CPU.Deploy.0 = Release|Any CPU
		{31963E6D-EA79-4877-9D2D-8D469E8FEBD3}.AppStore|ARM.ActiveCfg = Release|ARM
		{31963E6D-EA79-4877-9D2D-8D469E8FEBD3}.AppStore|ARM.Build.0 = Release|ARM
		{31963E6D-EA79-4877-9D2D-8D469E8FEBD3}.AppStore|ARM.Deploy.0 = Release|ARM
		{31963E6D-EA79-4877-9D2D-8D469E8FEBD3}.AppStore|iPhone.ActiveCfg = Release|Any CPU
		{31963E6D-EA79-4877-9D2D-8D469E8FEBD3}.AppStore|iPhone.Build.0 = Release|Any CPU
		{31963E6D-EA79-4877-9D2D-8D469E8FEBD3}.AppStore|iPhone.Deploy.0 = Release|Any CPU
		{31963E6D-EA79-4877-9D2D-8D469E8FEBD3}.AppStore|iPhoneSimulator.ActiveCfg = Release|Any CPU
		{31963E6D-EA79-4877-9D2D-8D469E8FEBD3}.AppStore|iPhoneSimulator.Build.0 = Release|Any CPU
		{31963E6D-EA79-4877-9D2D-8D469E8FEBD3}.AppStore|iPhoneSimulator.Deploy.0 = Release|Any CPU
		{31963E6D-EA79-4877-9D2D-8D469E8FEBD3}.AppStore|x64.ActiveCfg = Release|Any CPU
		{31963E6D-EA79-4877-9D2D-8D469E8FEBD3}.AppStore|x64.Build.0 = Release|Any CPU
		{31963E6D-EA79-4877-9D2D-8D469E8FEBD3}.AppStore|x64.Deploy.0 = Release|Any CPU
		{31963E6D-EA79-4877-9D2D-8D469E8FEBD3}.AppStore|x86.ActiveCfg = Release|x86
		{31963E6D-EA79-4877-9D2D-8D469E8FEBD3}.AppStore|x86.Build.0 = Release|x86
		{31963E6D-EA79-4877-9D2D-8D469E8FEBD3}.AppStore|x86.Deploy.0 = Release|x86
		{31963E6D-EA79-4877-9D2D-8D469E8FEBD3}.Debug|Any CPU.ActiveCfg = Debug|Any CPU
		{31963E6D-EA79-4877-9D2D-8D469E8FEBD3}.Debug|Any CPU.Build.0 = Debug|Any CPU
		{31963E6D-EA79-4877-9D2D-8D469E8FEBD3}.Debug|Any CPU.Deploy.0 = Debug|Any CPU
		{31963E6D-EA79-4877-9D2D-8D469E8FEBD3}.Debug|ARM.ActiveCfg = Debug|ARM
		{31963E6D-EA79-4877-9D2D-8D469E8FEBD3}.Debug|ARM.Build.0 = Debug|ARM
		{31963E6D-EA79-4877-9D2D-8D469E8FEBD3}.Debug|ARM.Deploy.0 = Debug|ARM
		{31963E6D-EA79-4877-9D2D-8D469E8FEBD3}.Debug|iPhone.ActiveCfg = Debug|Any CPU
		{31963E6D-EA79-4877-9D2D-8D469E8FEBD3}.Debug|iPhone.Build.0 = Debug|Any CPU
		{31963E6D-EA79-4877-9D2D-8D469E8FEBD3}.Debug|iPhone.Deploy.0 = Debug|Any CPU
		{31963E6D-EA79-4877-9D2D-8D469E8FEBD3}.Debug|iPhoneSimulator.ActiveCfg = Debug|Any CPU
		{31963E6D-EA79-4877-9D2D-8D469E8FEBD3}.Debug|iPhoneSimulator.Build.0 = Debug|Any CPU
		{31963E6D-EA79-4877-9D2D-8D469E8FEBD3}.Debug|iPhoneSimulator.Deploy.0 = Debug|Any CPU
		{31963E6D-EA79-4877-9D2D-8D469E8FEBD3}.Debug|x64.ActiveCfg = Debug|Any CPU
		{31963E6D-EA79-4877-9D2D-8D469E8FEBD3}.Debug|x64.Build.0 = Debug|Any CPU
		{31963E6D-EA79-4877-9D2D-8D469E8FEBD3}.Debug|x64.Deploy.0 = Debug|Any CPU
		{31963E6D-EA79-4877-9D2D-8D469E8FEBD3}.Debug|x86.ActiveCfg = Debug|x86
		{31963E6D-EA79-4877-9D2D-8D469E8FEBD3}.Debug|x86.Build.0 = Debug|x86
		{31963E6D-EA79-4877-9D2D-8D469E8FEBD3}.Debug|x86.Deploy.0 = Debug|x86
		{31963E6D-EA79-4877-9D2D-8D469E8FEBD3}.Release|Any CPU.ActiveCfg = Release|Any CPU
		{31963E6D-EA79-4877-9D2D-8D469E8FEBD3}.Release|Any CPU.Build.0 = Release|Any CPU
		{31963E6D-EA79-4877-9D2D-8D469E8FEBD3}.Release|Any CPU.Deploy.0 = Release|Any CPU
		{31963E6D-EA79-4877-9D2D-8D469E8FEBD3}.Release|ARM.ActiveCfg = Release|ARM
		{31963E6D-EA79-4877-9D2D-8D469E8FEBD3}.Release|ARM.Build.0 = Release|ARM
		{31963E6D-EA79-4877-9D2D-8D469E8FEBD3}.Release|ARM.Deploy.0 = Release|ARM
		{31963E6D-EA79-4877-9D2D-8D469E8FEBD3}.Release|iPhone.ActiveCfg = Release|Any CPU
		{31963E6D-EA79-4877-9D2D-8D469E8FEBD3}.Release|iPhone.Build.0 = Release|Any CPU
		{31963E6D-EA79-4877-9D2D-8D469E8FEBD3}.Release|iPhone.Deploy.0 = Release|Any CPU
		{31963E6D-EA79-4877-9D2D-8D469E8FEBD3}.Release|iPhoneSimulator.ActiveCfg = Release|Any CPU
		{31963E6D-EA79-4877-9D2D-8D469E8FEBD3}.Release|iPhoneSimulator.Build.0 = Release|Any CPU
		{31963E6D-EA79-4877-9D2D-8D469E8FEBD3}.Release|iPhoneSimulator.Deploy.0 = Release|Any CPU
		{31963E6D-EA79-4877-9D2D-8D469E8FEBD3}.Release|x64.ActiveCfg = Release|Any CPU
		{31963E6D-EA79-4877-9D2D-8D469E8FEBD3}.Release|x64.Build.0 = Release|Any CPU
		{31963E6D-EA79-4877-9D2D-8D469E8FEBD3}.Release|x64.Deploy.0 = Release|Any CPU
		{31963E6D-EA79-4877-9D2D-8D469E8FEBD3}.Release|x86.ActiveCfg = Release|x86
		{31963E6D-EA79-4877-9D2D-8D469E8FEBD3}.Release|x86.Build.0 = Release|x86
		{31963E6D-EA79-4877-9D2D-8D469E8FEBD3}.Release|x86.Deploy.0 = Release|x86
		{BE3B6763-D4AE-401E-A545-9F1CB1CDD846}.Ad-Hoc|Any CPU.ActiveCfg = Release|x86
		{BE3B6763-D4AE-401E-A545-9F1CB1CDD846}.Ad-Hoc|Any CPU.Build.0 = Release|x86
		{BE3B6763-D4AE-401E-A545-9F1CB1CDD846}.Ad-Hoc|Any CPU.Deploy.0 = Release|x86
		{BE3B6763-D4AE-401E-A545-9F1CB1CDD846}.Ad-Hoc|ARM.ActiveCfg = Release|ARM
		{BE3B6763-D4AE-401E-A545-9F1CB1CDD846}.Ad-Hoc|ARM.Build.0 = Release|ARM
		{BE3B6763-D4AE-401E-A545-9F1CB1CDD846}.Ad-Hoc|ARM.Deploy.0 = Release|ARM
		{BE3B6763-D4AE-401E-A545-9F1CB1CDD846}.Ad-Hoc|iPhone.ActiveCfg = Release|x86
		{BE3B6763-D4AE-401E-A545-9F1CB1CDD846}.Ad-Hoc|iPhone.Build.0 = Release|x86
		{BE3B6763-D4AE-401E-A545-9F1CB1CDD846}.Ad-Hoc|iPhone.Deploy.0 = Release|x86
		{BE3B6763-D4AE-401E-A545-9F1CB1CDD846}.Ad-Hoc|iPhoneSimulator.ActiveCfg = Release|x86
		{BE3B6763-D4AE-401E-A545-9F1CB1CDD846}.Ad-Hoc|iPhoneSimulator.Build.0 = Release|x86
		{BE3B6763-D4AE-401E-A545-9F1CB1CDD846}.Ad-Hoc|iPhoneSimulator.Deploy.0 = Release|x86
		{BE3B6763-D4AE-401E-A545-9F1CB1CDD846}.Ad-Hoc|x64.ActiveCfg = Release|x64
		{BE3B6763-D4AE-401E-A545-9F1CB1CDD846}.Ad-Hoc|x64.Build.0 = Release|x64
		{BE3B6763-D4AE-401E-A545-9F1CB1CDD846}.Ad-Hoc|x64.Deploy.0 = Release|x64
		{BE3B6763-D4AE-401E-A545-9F1CB1CDD846}.Ad-Hoc|x86.ActiveCfg = Release|x86
		{BE3B6763-D4AE-401E-A545-9F1CB1CDD846}.Ad-Hoc|x86.Build.0 = Release|x86
		{BE3B6763-D4AE-401E-A545-9F1CB1CDD846}.Ad-Hoc|x86.Deploy.0 = Release|x86
		{BE3B6763-D4AE-401E-A545-9F1CB1CDD846}.AppStore|Any CPU.ActiveCfg = Release|x86
		{BE3B6763-D4AE-401E-A545-9F1CB1CDD846}.AppStore|Any CPU.Build.0 = Release|x86
		{BE3B6763-D4AE-401E-A545-9F1CB1CDD846}.AppStore|Any CPU.Deploy.0 = Release|x86
		{BE3B6763-D4AE-401E-A545-9F1CB1CDD846}.AppStore|ARM.ActiveCfg = Release|ARM
		{BE3B6763-D4AE-401E-A545-9F1CB1CDD846}.AppStore|ARM.Build.0 = Release|ARM
		{BE3B6763-D4AE-401E-A545-9F1CB1CDD846}.AppStore|ARM.Deploy.0 = Release|ARM
		{BE3B6763-D4AE-401E-A545-9F1CB1CDD846}.AppStore|iPhone.ActiveCfg = Release|x86
		{BE3B6763-D4AE-401E-A545-9F1CB1CDD846}.AppStore|iPhone.Build.0 = Release|x86
		{BE3B6763-D4AE-401E-A545-9F1CB1CDD846}.AppStore|iPhone.Deploy.0 = Release|x86
		{BE3B6763-D4AE-401E-A545-9F1CB1CDD846}.AppStore|iPhoneSimulator.ActiveCfg = Release|x86
		{BE3B6763-D4AE-401E-A545-9F1CB1CDD846}.AppStore|iPhoneSimulator.Build.0 = Release|x86
		{BE3B6763-D4AE-401E-A545-9F1CB1CDD846}.AppStore|iPhoneSimulator.Deploy.0 = Release|x86
		{BE3B6763-D4AE-401E-A545-9F1CB1CDD846}.AppStore|x64.ActiveCfg = Release|x64
		{BE3B6763-D4AE-401E-A545-9F1CB1CDD846}.AppStore|x64.Build.0 = Release|x64
		{BE3B6763-D4AE-401E-A545-9F1CB1CDD846}.AppStore|x64.Deploy.0 = Release|x64
		{BE3B6763-D4AE-401E-A545-9F1CB1CDD846}.AppStore|x86.ActiveCfg = Release|x86
		{BE3B6763-D4AE-401E-A545-9F1CB1CDD846}.AppStore|x86.Build.0 = Release|x86
		{BE3B6763-D4AE-401E-A545-9F1CB1CDD846}.AppStore|x86.Deploy.0 = Release|x86
		{BE3B6763-D4AE-401E-A545-9F1CB1CDD846}.Debug|Any CPU.ActiveCfg = Debug|x86
		{BE3B6763-D4AE-401E-A545-9F1CB1CDD846}.Debug|Any CPU.Build.0 = Debug|x86
		{BE3B6763-D4AE-401E-A545-9F1CB1CDD846}.Debug|Any CPU.Deploy.0 = Debug|x86
		{BE3B6763-D4AE-401E-A545-9F1CB1CDD846}.Debug|ARM.ActiveCfg = Debug|ARM
		{BE3B6763-D4AE-401E-A545-9F1CB1CDD846}.Debug|ARM.Build.0 = Debug|ARM
		{BE3B6763-D4AE-401E-A545-9F1CB1CDD846}.Debug|ARM.Deploy.0 = Debug|ARM
		{BE3B6763-D4AE-401E-A545-9F1CB1CDD846}.Debug|iPhone.ActiveCfg = Debug|x86
		{BE3B6763-D4AE-401E-A545-9F1CB1CDD846}.Debug|iPhoneSimulator.ActiveCfg = Debug|x86
		{BE3B6763-D4AE-401E-A545-9F1CB1CDD846}.Debug|x64.ActiveCfg = Debug|x64
		{BE3B6763-D4AE-401E-A545-9F1CB1CDD846}.Debug|x64.Build.0 = Debug|x64
		{BE3B6763-D4AE-401E-A545-9F1CB1CDD846}.Debug|x64.Deploy.0 = Debug|x64
		{BE3B6763-D4AE-401E-A545-9F1CB1CDD846}.Debug|x86.ActiveCfg = Debug|x86
		{BE3B6763-D4AE-401E-A545-9F1CB1CDD846}.Debug|x86.Build.0 = Debug|x86
		{BE3B6763-D4AE-401E-A545-9F1CB1CDD846}.Debug|x86.Deploy.0 = Debug|x86
		{BE3B6763-D4AE-401E-A545-9F1CB1CDD846}.Release|Any CPU.ActiveCfg = Release|x86
		{BE3B6763-D4AE-401E-A545-9F1CB1CDD846}.Release|ARM.ActiveCfg = Release|ARM
		{BE3B6763-D4AE-401E-A545-9F1CB1CDD846}.Release|ARM.Build.0 = Release|ARM
		{BE3B6763-D4AE-401E-A545-9F1CB1CDD846}.Release|ARM.Deploy.0 = Release|ARM
		{BE3B6763-D4AE-401E-A545-9F1CB1CDD846}.Release|iPhone.ActiveCfg = Release|x86
		{BE3B6763-D4AE-401E-A545-9F1CB1CDD846}.Release|iPhoneSimulator.ActiveCfg = Release|x86
		{BE3B6763-D4AE-401E-A545-9F1CB1CDD846}.Release|x64.ActiveCfg = Release|x64
		{BE3B6763-D4AE-401E-A545-9F1CB1CDD846}.Release|x64.Build.0 = Release|x64
		{BE3B6763-D4AE-401E-A545-9F1CB1CDD846}.Release|x64.Deploy.0 = Release|x64
		{BE3B6763-D4AE-401E-A545-9F1CB1CDD846}.Release|x86.ActiveCfg = Release|x86
		{BE3B6763-D4AE-401E-A545-9F1CB1CDD846}.Release|x86.Build.0 = Release|x86
		{BE3B6763-D4AE-401E-A545-9F1CB1CDD846}.Release|x86.Deploy.0 = Release|x86
		{7DAEB896-8D5E-44AF-B834-EFA24EB98E01}.Ad-Hoc|Any CPU.ActiveCfg = Release|Any CPU
		{7DAEB896-8D5E-44AF-B834-EFA24EB98E01}.Ad-Hoc|Any CPU.Build.0 = Release|Any CPU
		{7DAEB896-8D5E-44AF-B834-EFA24EB98E01}.Ad-Hoc|Any CPU.Deploy.0 = Release|Any CPU
		{7DAEB896-8D5E-44AF-B834-EFA24EB98E01}.Ad-Hoc|ARM.ActiveCfg = Release|ARM
		{7DAEB896-8D5E-44AF-B834-EFA24EB98E01}.Ad-Hoc|ARM.Build.0 = Release|ARM
		{7DAEB896-8D5E-44AF-B834-EFA24EB98E01}.Ad-Hoc|ARM.Deploy.0 = Release|ARM
		{7DAEB896-8D5E-44AF-B834-EFA24EB98E01}.Ad-Hoc|iPhone.ActiveCfg = Release|Any CPU
		{7DAEB896-8D5E-44AF-B834-EFA24EB98E01}.Ad-Hoc|iPhone.Build.0 = Release|Any CPU
		{7DAEB896-8D5E-44AF-B834-EFA24EB98E01}.Ad-Hoc|iPhone.Deploy.0 = Release|Any CPU
		{7DAEB896-8D5E-44AF-B834-EFA24EB98E01}.Ad-Hoc|iPhoneSimulator.ActiveCfg = Release|Any CPU
		{7DAEB896-8D5E-44AF-B834-EFA24EB98E01}.Ad-Hoc|iPhoneSimulator.Build.0 = Release|Any CPU
		{7DAEB896-8D5E-44AF-B834-EFA24EB98E01}.Ad-Hoc|iPhoneSimulator.Deploy.0 = Release|Any CPU
		{7DAEB896-8D5E-44AF-B834-EFA24EB98E01}.Ad-Hoc|x64.ActiveCfg = Release|x64
		{7DAEB896-8D5E-44AF-B834-EFA24EB98E01}.Ad-Hoc|x64.Build.0 = Release|x64
		{7DAEB896-8D5E-44AF-B834-EFA24EB98E01}.Ad-Hoc|x64.Deploy.0 = Release|x64
		{7DAEB896-8D5E-44AF-B834-EFA24EB98E01}.Ad-Hoc|x86.ActiveCfg = Release|x86
		{7DAEB896-8D5E-44AF-B834-EFA24EB98E01}.Ad-Hoc|x86.Build.0 = Release|x86
		{7DAEB896-8D5E-44AF-B834-EFA24EB98E01}.Ad-Hoc|x86.Deploy.0 = Release|x86
		{7DAEB896-8D5E-44AF-B834-EFA24EB98E01}.AppStore|Any CPU.ActiveCfg = Release|Any CPU
		{7DAEB896-8D5E-44AF-B834-EFA24EB98E01}.AppStore|Any CPU.Build.0 = Release|Any CPU
		{7DAEB896-8D5E-44AF-B834-EFA24EB98E01}.AppStore|Any CPU.Deploy.0 = Release|Any CPU
		{7DAEB896-8D5E-44AF-B834-EFA24EB98E01}.AppStore|ARM.ActiveCfg = Release|ARM
		{7DAEB896-8D5E-44AF-B834-EFA24EB98E01}.AppStore|ARM.Build.0 = Release|ARM
		{7DAEB896-8D5E-44AF-B834-EFA24EB98E01}.AppStore|ARM.Deploy.0 = Release|ARM
		{7DAEB896-8D5E-44AF-B834-EFA24EB98E01}.AppStore|iPhone.ActiveCfg = Release|Any CPU
		{7DAEB896-8D5E-44AF-B834-EFA24EB98E01}.AppStore|iPhone.Build.0 = Release|Any CPU
		{7DAEB896-8D5E-44AF-B834-EFA24EB98E01}.AppStore|iPhone.Deploy.0 = Release|Any CPU
		{7DAEB896-8D5E-44AF-B834-EFA24EB98E01}.AppStore|iPhoneSimulator.ActiveCfg = Release|Any CPU
		{7DAEB896-8D5E-44AF-B834-EFA24EB98E01}.AppStore|iPhoneSimulator.Build.0 = Release|Any CPU
		{7DAEB896-8D5E-44AF-B834-EFA24EB98E01}.AppStore|iPhoneSimulator.Deploy.0 = Release|Any CPU
		{7DAEB896-8D5E-44AF-B834-EFA24EB98E01}.AppStore|x64.ActiveCfg = Release|x64
		{7DAEB896-8D5E-44AF-B834-EFA24EB98E01}.AppStore|x64.Build.0 = Release|x64
		{7DAEB896-8D5E-44AF-B834-EFA24EB98E01}.AppStore|x64.Deploy.0 = Release|x64
		{7DAEB896-8D5E-44AF-B834-EFA24EB98E01}.AppStore|x86.ActiveCfg = Release|x86
		{7DAEB896-8D5E-44AF-B834-EFA24EB98E01}.AppStore|x86.Build.0 = Release|x86
		{7DAEB896-8D5E-44AF-B834-EFA24EB98E01}.AppStore|x86.Deploy.0 = Release|x86
		{7DAEB896-8D5E-44AF-B834-EFA24EB98E01}.Debug|Any CPU.ActiveCfg = Debug|Any CPU
		{7DAEB896-8D5E-44AF-B834-EFA24EB98E01}.Debug|Any CPU.Build.0 = Debug|Any CPU
		{7DAEB896-8D5E-44AF-B834-EFA24EB98E01}.Debug|Any CPU.Deploy.0 = Debug|Any CPU
		{7DAEB896-8D5E-44AF-B834-EFA24EB98E01}.Debug|ARM.ActiveCfg = Debug|ARM
		{7DAEB896-8D5E-44AF-B834-EFA24EB98E01}.Debug|ARM.Build.0 = Debug|ARM
		{7DAEB896-8D5E-44AF-B834-EFA24EB98E01}.Debug|ARM.Deploy.0 = Debug|ARM
		{7DAEB896-8D5E-44AF-B834-EFA24EB98E01}.Debug|iPhone.ActiveCfg = Debug|Any CPU
		{7DAEB896-8D5E-44AF-B834-EFA24EB98E01}.Debug|iPhone.Build.0 = Debug|Any CPU
		{7DAEB896-8D5E-44AF-B834-EFA24EB98E01}.Debug|iPhone.Deploy.0 = Debug|Any CPU
		{7DAEB896-8D5E-44AF-B834-EFA24EB98E01}.Debug|iPhoneSimulator.ActiveCfg = Debug|Any CPU
		{7DAEB896-8D5E-44AF-B834-EFA24EB98E01}.Debug|iPhoneSimulator.Build.0 = Debug|Any CPU
		{7DAEB896-8D5E-44AF-B834-EFA24EB98E01}.Debug|iPhoneSimulator.Deploy.0 = Debug|Any CPU
		{7DAEB896-8D5E-44AF-B834-EFA24EB98E01}.Debug|x64.ActiveCfg = Debug|x64
		{7DAEB896-8D5E-44AF-B834-EFA24EB98E01}.Debug|x64.Build.0 = Debug|x64
		{7DAEB896-8D5E-44AF-B834-EFA24EB98E01}.Debug|x64.Deploy.0 = Debug|x64
		{7DAEB896-8D5E-44AF-B834-EFA24EB98E01}.Debug|x86.ActiveCfg = Debug|x86
		{7DAEB896-8D5E-44AF-B834-EFA24EB98E01}.Debug|x86.Build.0 = Debug|x86
		{7DAEB896-8D5E-44AF-B834-EFA24EB98E01}.Debug|x86.Deploy.0 = Debug|x86
		{7DAEB896-8D5E-44AF-B834-EFA24EB98E01}.Release|Any CPU.ActiveCfg = Release|Any CPU
		{7DAEB896-8D5E-44AF-B834-EFA24EB98E01}.Release|Any CPU.Build.0 = Release|Any CPU
		{7DAEB896-8D5E-44AF-B834-EFA24EB98E01}.Release|Any CPU.Deploy.0 = Release|Any CPU
		{7DAEB896-8D5E-44AF-B834-EFA24EB98E01}.Release|ARM.ActiveCfg = Release|ARM
		{7DAEB896-8D5E-44AF-B834-EFA24EB98E01}.Release|ARM.Build.0 = Release|ARM
		{7DAEB896-8D5E-44AF-B834-EFA24EB98E01}.Release|ARM.Deploy.0 = Release|ARM
		{7DAEB896-8D5E-44AF-B834-EFA24EB98E01}.Release|iPhone.ActiveCfg = Release|Any CPU
		{7DAEB896-8D5E-44AF-B834-EFA24EB98E01}.Release|iPhone.Build.0 = Release|Any CPU
		{7DAEB896-8D5E-44AF-B834-EFA24EB98E01}.Release|iPhone.Deploy.0 = Release|Any CPU
		{7DAEB896-8D5E-44AF-B834-EFA24EB98E01}.Release|iPhoneSimulator.ActiveCfg = Release|Any CPU
		{7DAEB896-8D5E-44AF-B834-EFA24EB98E01}.Release|iPhoneSimulator.Build.0 = Release|Any CPU
		{7DAEB896-8D5E-44AF-B834-EFA24EB98E01}.Release|iPhoneSimulator.Deploy.0 = Release|Any CPU
		{7DAEB896-8D5E-44AF-B834-EFA24EB98E01}.Release|x64.ActiveCfg = Release|x64
		{7DAEB896-8D5E-44AF-B834-EFA24EB98E01}.Release|x64.Build.0 = Release|x64
		{7DAEB896-8D5E-44AF-B834-EFA24EB98E01}.Release|x64.Deploy.0 = Release|x64
		{7DAEB896-8D5E-44AF-B834-EFA24EB98E01}.Release|x86.ActiveCfg = Release|x86
		{7DAEB896-8D5E-44AF-B834-EFA24EB98E01}.Release|x86.Build.0 = Release|x86
		{7DAEB896-8D5E-44AF-B834-EFA24EB98E01}.Release|x86.Deploy.0 = Release|x86
	EndGlobalSection
	GlobalSection(SolutionProperties) = preSolution
		HideSolutionNode = FALSE
	EndGlobalSection
EndGlobal
